
Microsoft Visual Studio Solution File, Format Version 12.00
# Visual Studio Version 16
VisualStudioVersion = 16.0.31613.86
MinimumVisualStudioVersion = 10.0.40219.1
Project("{9A19103F-16F7-4668-BE54-9A1E7A4F7556}") = "Tappu", "Tappu.csproj", "{A37F9C5E-A5A7-4358-BC7D-68BDB39B302C}"
EndProject
Project("{FAE04EC0-301F-11D3-BF4B-00C04F79EFBC}") = "TappuAssetBuilder (TAB)", "..\TappuAssetBuilder (TAB)\TappuAssetBuilder (TAB).csproj", "{B6D79327-B774-4F9D-92A9-4075BD525A2F}"
EndProject
Global
	GlobalSection(SolutionConfigurationPlatforms) = preSolution
		Debug|Any CPU = Debug|Any CPU
		Release|Any CPU = Release|Any CPU
	EndGlobalSection
	GlobalSection(ProjectConfigurationPlatforms) = postSolution
		{A37F9C5E-A5A7-4358-BC7D-68BDB39B302C}.Debug|Any CPU.ActiveCfg = Debug|Any CPU
		{A37F9C5E-A5A7-4358-BC7D-68BDB39B302C}.Debug|Any CPU.Build.0 = Debug|Any CPU
		{A37F9C5E-A5A7-4358-BC7D-68BDB39B302C}.Release|Any CPU.ActiveCfg = Release|Any CPU
		{A37F9C5E-A5A7-4358-BC7D-68BDB39B302C}.Release|Any CPU.Build.0 = Release|Any CPU
		{B6D79327-B774-4F9D-92A9-4075BD525A2F}.Debug|Any CPU.ActiveCfg = Debug|Any CPU
		{B6D79327-B774-4F9D-92A9-4075BD525A2F}.Debug|Any CPU.Build.0 = Debug|Any CPU
		{B6D79327-B774-4F9D-92A9-4075BD525A2F}.Release|Any CPU.ActiveCfg = Release|Any CPU
		{B6D79327-B774-4F9D-92A9-4075BD525A2F}.Release|Any CPU.Build.0 = Release|Any CPU
	EndGlobalSection
	GlobalSection(SolutionProperties) = preSolution
		HideSolutionNode = FALSE
	EndGlobalSection
	GlobalSection(ExtensibilityGlobals) = postSolution
		SolutionGuid = {A920A4A7-8071-4E71-A809-0C8DB9DB6EAB}
	EndGlobalSection
EndGlobal
